
Microsoft Visual Studio Solution File, Format Version 12.00
# Visual Studio Version 16
VisualStudioVersion = 16.0.30406.217
MinimumVisualStudioVersion = 10.0.40219.1
Project("{FAE04EC0-301F-11D3-BF4B-00C04F79EFBC}") = "test", "test\test.csproj", "{9EF2586F-CC48-42FA-B13B-19F141BB778D}"
EndProject
Global
	GlobalSection(SolutionConfigurationPlatforms) = preSolution
		Debug|Any CPU = Debug|Any CPU
		Release|Any CPU = Release|Any CPU
	EndGlobalSection
	GlobalSection(ProjectConfigurationPlatforms) = postSolution
		{9EF2586F-CC48-42FA-B13B-19F141BB778D}.Debug|Any CPU.ActiveCfg = Debug|Any CPU
		{9EF2586F-CC48-42FA-B13B-19F141BB778D}.Debug|Any CPU.Build.0 = Debug|Any CPU
		{9EF2586F-CC48-42FA-B13B-19F141BB778D}.Release|Any CPU.ActiveCfg = Release|Any CPU
		{9EF2586F-CC48-42FA-B13B-19F141BB778D}.Release|Any CPU.Build.0 = Release|Any CPU
	EndGlobalSection
	GlobalSection(SolutionProperties) = preSolution
		HideSolutionNode = FALSE
	EndGlobalSection
	GlobalSection(ExtensibilityGlobals) = postSolution
		SolutionGuid = {87BBF604-2DD0-4C18-9969-3FC0B2B288E1}
	EndGlobalSection
EndGlobal
