
Microsoft Visual Studio Solution File, Format Version 12.00
# Visual Studio Version 16
VisualStudioVersion = 16.0.30406.217
MinimumVisualStudioVersion = 10.0.40219.1
Project("{9A19103F-16F7-4668-BE54-9A1E7A4F7556}") = "BilibiliApi", "BilibiliApi\BilibiliApi.csproj", "{3396C92C-DECA-4FB9-B40E-A3631A0B42D1}"
EndProject
Project("{FAE04EC0-301F-11D3-BF4B-00C04F79EFBC}") = "test", "test\test.csproj", "{64712F0A-C3CC-4113-A4FD-1C1455247F46}"
EndProject
Global
	GlobalSection(SolutionConfigurationPlatforms) = preSolution
		Debug|Any CPU = Debug|Any CPU
		Release|Any CPU = Release|Any CPU
	EndGlobalSection
	GlobalSection(ProjectConfigurationPlatforms) = postSolution
		{3396C92C-DECA-4FB9-B40E-A3631A0B42D1}.Debug|Any CPU.ActiveCfg = Debug|Any CPU
		{3396C92C-DECA-4FB9-B40E-A3631A0B42D1}.Debug|Any CPU.Build.0 = Debug|Any CPU
		{3396C92C-DECA-4FB9-B40E-A3631A0B42D1}.Release|Any CPU.ActiveCfg = Release|Any CPU
		{3396C92C-DECA-4FB9-B40E-A3631A0B42D1}.Release|Any CPU.Build.0 = Release|Any CPU
		{64712F0A-C3CC-4113-A4FD-1C1455247F46}.Debug|Any CPU.ActiveCfg = Debug|Any CPU
		{64712F0A-C3CC-4113-A4FD-1C1455247F46}.Debug|Any CPU.Build.0 = Debug|Any CPU
		{64712F0A-C3CC-4113-A4FD-1C1455247F46}.Release|Any CPU.ActiveCfg = Release|Any CPU
		{64712F0A-C3CC-4113-A4FD-1C1455247F46}.Release|Any CPU.Build.0 = Release|Any CPU
	EndGlobalSection
	GlobalSection(SolutionProperties) = preSolution
		HideSolutionNode = FALSE
	EndGlobalSection
	GlobalSection(ExtensibilityGlobals) = postSolution
		SolutionGuid = {47670CF9-727D-4001-8749-77E2DA3397C3}
	EndGlobalSection
EndGlobal
